
Microsoft Visual Studio Solution File, Format Version 12.00
# Visual Studio Version 16
VisualStudioVersion = 16.0.31727.386
MinimumVisualStudioVersion = 10.0.40219.1
Project("{FAE04EC0-301F-11D3-BF4B-00C04F79EFBC}") = "JokesWebApp", "JokesWebApp.csproj", "{7DA0CA1C-1E7C-422D-BC8D-E86EAB034B79}"
EndProject
Global
	GlobalSection(SolutionConfigurationPlatforms) = preSolution
		Debug|Any CPU = Debug|Any CPU
		Release|Any CPU = Release|Any CPU
	EndGlobalSection
	GlobalSection(ProjectConfigurationPlatforms) = postSolution
		{7DA0CA1C-1E7C-422D-BC8D-E86EAB034B79}.Debug|Any CPU.ActiveCfg = Debug|Any CPU
		{7DA0CA1C-1E7C-422D-BC8D-E86EAB034B79}.Debug|Any CPU.Build.0 = Debug|Any CPU
		{7DA0CA1C-1E7C-422D-BC8D-E86EAB034B79}.Release|Any CPU.ActiveCfg = Release|Any CPU
		{7DA0CA1C-1E7C-422D-BC8D-E86EAB034B79}.Release|Any CPU.Build.0 = Release|Any CPU
	EndGlobalSection
	GlobalSection(SolutionProperties) = preSolution
		HideSolutionNode = FALSE
	EndGlobalSection
	GlobalSection(ExtensibilityGlobals) = postSolution
		SolutionGuid = {6FC2AB4E-C568-408C-A3D1-E97F24315ED8}
	EndGlobalSection
EndGlobal
